// !$*UTF8*$!
{
	archiveVersion = 1;
	classes = {
	};
	objectVersion = 46;
	objects = {

/* Begin PBXBuildFile section */
		EF07CC5B1CC3348F00213297 /* main.m in Sources */ = {isa = PBXBuildFile; fileRef = EF07CC5A1CC3348F00213297 /* main.m */; };
		EF07CC5E1CC3348F00213297 /* AppDelegate.m in Sources */ = {isa = PBXBuildFile; fileRef = EF07CC5D1CC3348F00213297 /* AppDelegate.m */; };
		EF07CC611CC3348F00213297 /* ViewController.m in Sources */ = {isa = PBXBuildFile; fileRef = EF07CC601CC3348F00213297 /* ViewController.m */; };
		EF07CC641CC3348F00213297 /* Main.storyboard in Resources */ = {isa = PBXBuildFile; fileRef = EF07CC621CC3348F00213297 /* Main.storyboard */; };
		EF07CC671CC3348F00213297 /* ADScrollView.xcdatamodeld in Sources */ = {isa = PBXBuildFile; fileRef = EF07CC651CC3348F00213297 /* ADScrollView.xcdatamodeld */; };
		EF07CC691CC3348F00213297 /* Assets.xcassets in Resources */ = {isa = PBXBuildFile; fileRef = EF07CC681CC3348F00213297 /* Assets.xcassets */; };
		EF07CC6C1CC3348F00213297 /* LaunchScreen.storyboard in Resources */ = {isa = PBXBuildFile; fileRef = EF07CC6A1CC3348F00213297 /* LaunchScreen.storyboard */; };
		EF07CC771CC3348F00213297 /* ADScrollViewTests.m in Sources */ = {isa = PBXBuildFile; fileRef = EF07CC761CC3348F00213297 /* ADScrollViewTests.m */; };
		EF07CC821CC3348F00213297 /* ADScrollViewUITests.m in Sources */ = {isa = PBXBuildFile; fileRef = EF07CC811CC3348F00213297 /* ADScrollViewUITests.m */; };
		EF07CC911CC335CA00213297 /* ADScrollViewComponent.m in Sources */ = {isa = PBXBuildFile; fileRef = EF07CC901CC335CA00213297 /* ADScrollViewComponent.m */; };
		EF07CCBE1CC3365400213297 /* MKAnnotationView+WebCache.m in Sources */ = {isa = PBXBuildFile; fileRef = EF07CC941CC3365400213297 /* MKAnnotationView+WebCache.m */; };
		EF07CCBF1CC3365400213297 /* NSData+ImageContentType.m in Sources */ = {isa = PBXBuildFile; fileRef = EF07CC961CC3365400213297 /* NSData+ImageContentType.m */; };
		EF07CCC01CC3365400213297 /* SDImageCache.m in Sources */ = {isa = PBXBuildFile; fileRef = EF07CC981CC3365400213297 /* SDImageCache.m */; };
		EF07CCC11CC3365400213297 /* SDWebImageCompat.m in Sources */ = {isa = PBXBuildFile; fileRef = EF07CC9A1CC3365400213297 /* SDWebImageCompat.m */; };
		EF07CCC21CC3365400213297 /* SDWebImageDecoder.m in Sources */ = {isa = PBXBuildFile; fileRef = EF07CC9C1CC3365400213297 /* SDWebImageDecoder.m */; };
		EF07CCC31CC3365400213297 /* SDWebImageDownloader.m in Sources */ = {isa = PBXBuildFile; fileRef = EF07CC9E1CC3365400213297 /* SDWebImageDownloader.m */; };
		EF07CCC41CC3365400213297 /* SDWebImageDownloaderOperation.m in Sources */ = {isa = PBXBuildFile; fileRef = EF07CCA01CC3365400213297 /* SDWebImageDownloaderOperation.m */; };
		EF07CCC51CC3365400213297 /* SDWebImageManager.m in Sources */ = {isa = PBXBuildFile; fileRef = EF07CCA21CC3365400213297 /* SDWebImageManager.m */; };
		EF07CCC61CC3365400213297 /* SDWebImagePrefetcher.m in Sources */ = {isa = PBXBuildFile; fileRef = EF07CCA51CC3365400213297 /* SDWebImagePrefetcher.m */; };
		EF07CCC71CC3365400213297 /* UIButton+WebCache.m in Sources */ = {isa = PBXBuildFile; fileRef = EF07CCA71CC3365400213297 /* UIButton+WebCache.m */; };
		EF07CCC81CC3365400213297 /* UIImage+GIF.m in Sources */ = {isa = PBXBuildFile; fileRef = EF07CCA91CC3365400213297 /* UIImage+GIF.m */; };
		EF07CCC91CC3365400213297 /* UIImage+MultiFormat.m in Sources */ = {isa = PBXBuildFile; fileRef = EF07CCAB1CC3365400213297 /* UIImage+MultiFormat.m */; };
		EF07CCCA1CC3365400213297 /* UIImage+WebP.m in Sources */ = {isa = PBXBuildFile; fileRef = EF07CCAD1CC3365400213297 /* UIImage+WebP.m */; };
		EF07CCCB1CC3365400213297 /* UIImageView+HighlightedWebCache.m in Sources */ = {isa = PBXBuildFile; fileRef = EF07CCAF1CC3365400213297 /* UIImageView+HighlightedWebCache.m */; };
		EF07CCCC1CC3365400213297 /* UIImageView+WebCache.m in Sources */ = {isa = PBXBuildFile; fileRef = EF07CCB11CC3365400213297 /* UIImageView+WebCache.m */; };
		EF07CCCD1CC3365400213297 /* UIView+WebCacheOperation.m in Sources */ = {isa = PBXBuildFile; fileRef = EF07CCB31CC3365400213297 /* UIView+WebCacheOperation.m */; };
		EF07CCCE1CC3365400213297 /* 01.jpg in Resources */ = {isa = PBXBuildFile; fileRef = EF07CCB61CC3365400213297 /* 01.jpg */; };
		EF07CCCF1CC3365400213297 /* 02.jpg in Resources */ = {isa = PBXBuildFile; fileRef = EF07CCB71CC3365400213297 /* 02.jpg */; };
		EF07CCD01CC3365400213297 /* 03.jpg in Resources */ = {isa = PBXBuildFile; fileRef = EF07CCB81CC3365400213297 /* 03.jpg */; };
		EF07CCD11CC3365400213297 /* 04.jpg in Resources */ = {isa = PBXBuildFile; fileRef = EF07CCB91CC3365400213297 /* 04.jpg */; };
		EF07CCD21CC3365400213297 /* 05.jpg in Resources */ = {isa = PBXBuildFile; fileRef = EF07CCBA1CC3365400213297 /* 05.jpg */; };
		EF07CCD31CC3365400213297 /* 06.jpg in Resources */ = {isa = PBXBuildFile; fileRef = EF07CCBB1CC3365400213297 /* 06.jpg */; };
		EF07CCD41CC3365400213297 /* 07.jpg in Resources */ = {isa = PBXBuildFile; fileRef = EF07CCBC1CC3365400213297 /* 07.jpg */; };
		EF07CCD51CC3365400213297 /* 08.jpg in Resources */ = {isa = PBXBuildFile; fileRef = EF07CCBD1CC3365400213297 /* 08.jpg */; };
		EF07CCDA1CC37C1B00213297 /* CustomCollectionViewCell.m in Sources */ = {isa = PBXBuildFile; fileRef = EF07CCD91CC37C1B00213297 /* CustomCollectionViewCell.m */; };
		EF07CCDD1CC37DD600213297 /* ADCollectionView.m in Sources */ = {isa = PBXBuildFile; fileRef = EF07CCDC1CC37DD600213297 /* ADCollectionView.m */; };
/* End PBXBuildFile section */

/* Begin PBXContainerItemProxy section */
		EF07CC731CC3348F00213297 /* PBXContainerItemProxy */ = {
			isa = PBXContainerItemProxy;
			containerPortal = EF07CC4E1CC3348F00213297 /* Project object */;
			proxyType = 1;
			remoteGlobalIDString = EF07CC551CC3348F00213297;
			remoteInfo = ADScrollView;
		};
		EF07CC7E1CC3348F00213297 /* PBXContainerItemProxy */ = {
			isa = PBXContainerItemProxy;
			containerPortal = EF07CC4E1CC3348F00213297 /* Project object */;
			proxyType = 1;
			remoteGlobalIDString = EF07CC551CC3348F00213297;
			remoteInfo = ADScrollView;
		};
/* End PBXContainerItemProxy section */

/* Begin PBXFileReference section */
		EF07CC561CC3348F00213297 /* ADScrollView.app */ = {isa = PBXFileReference; explicitFileType = wrapper.application; includeInIndex = 0; path = ADScrollView.app; sourceTree = BUILT_PRODUCTS_DIR; };
		EF07CC5A1CC3348F00213297 /* main.m */ = {isa = PBXFileReference; lastKnownFileType = sourcecode.c.objc; path = main.m; sourceTree = "<group>"; };
		EF07CC5C1CC3348F00213297 /* AppDelegate.h */ = {isa = PBXFileReference; lastKnownFileType = sourcecode.c.h; path = AppDelegate.h; sourceTree = "<group>"; };
		EF07CC5D1CC3348F00213297 /* AppDelegate.m */ = {isa = PBXFileReference; lastKnownFileType = sourcecode.c.objc; path = AppDelegate.m; sourceTree = "<group>"; };
		EF07CC5F1CC3348F00213297 /* ViewController.h */ = {isa = PBXFileReference; lastKnownFileType = sourcecode.c.h; path = ViewController.h; sourceTree = "<group>"; };
		EF07CC601CC3348F00213297 /* ViewController.m */ = {isa = PBXFileReference; lastKnownFileType = sourcecode.c.objc; path = ViewController.m; sourceTree = "<group>"; };
		EF07CC631CC3348F00213297 /* Base */ = {isa = PBXFileReference; lastKnownFileType = file.storyboard; name = Base; path = Base.lproj/Main.storyboard; sourceTree = "<group>"; };
		EF07CC661CC3348F00213297 /* ADScrollView.xcdatamodel */ = {isa = PBXFileReference; lastKnownFileType = wrapper.xcdatamodel; path = ADScrollView.xcdatamodel; sourceTree = "<group>"; };
		EF07CC681CC3348F00213297 /* Assets.xcassets */ = {isa = PBXFileReference; lastKnownFileType = folder.assetcatalog; path = Assets.xcassets; sourceTree = "<group>"; };
		EF07CC6B1CC3348F00213297 /* Base */ = {isa = PBXFileReference; lastKnownFileType = file.storyboard; name = Base; path = Base.lproj/LaunchScreen.storyboard; sourceTree = "<group>"; };
		EF07CC6D1CC3348F00213297 /* Info.plist */ = {isa = PBXFileReference; lastKnownFileType = text.plist.xml; path = Info.plist; sourceTree = "<group>"; };
		EF07CC721CC3348F00213297 /* ADScrollViewTests.xctest */ = {isa = PBXFileReference; explicitFileType = wrapper.cfbundle; includeInIndex = 0; path = ADScrollViewTests.xctest; sourceTree = BUILT_PRODUCTS_DIR; };
		EF07CC761CC3348F00213297 /* ADScrollViewTests.m */ = {isa = PBXFileReference; lastKnownFileType = sourcecode.c.objc; path = ADScrollViewTests.m; sourceTree = "<group>"; };
		EF07CC781CC3348F00213297 /* Info.plist */ = {isa = PBXFileReference; lastKnownFileType = text.plist.xml; path = Info.plist; sourceTree = "<group>"; };
		EF07CC7D1CC3348F00213297 /* ADScrollViewUITests.xctest */ = {isa = PBXFileReference; explicitFileType = wrapper.cfbundle; includeInIndex = 0; path = ADScrollViewUITests.xctest; sourceTree = BUILT_PRODUCTS_DIR; };
		EF07CC811CC3348F00213297 /* ADScrollViewUITests.m */ = {isa = PBXFileReference; lastKnownFileType = sourcecode.c.objc; path = ADScrollViewUITests.m; sourceTree = "<group>"; };
		EF07CC831CC3348F00213297 /* Info.plist */ = {isa = PBXFileReference; lastKnownFileType = text.plist.xml; path = Info.plist; sourceTree = "<group>"; };
		EF07CC8F1CC335CA00213297 /* ADScrollViewComponent.h */ = {isa = PBXFileReference; fileEncoding = 4; lastKnownFileType = sourcecode.c.h; path = ADScrollViewComponent.h; sourceTree = "<group>"; };
		EF07CC901CC335CA00213297 /* ADScrollViewComponent.m */ = {isa = PBXFileReference; fileEncoding = 4; lastKnownFileType = sourcecode.c.objc; path = ADScrollViewComponent.m; sourceTree = "<group>"; };
		EF07CC931CC3365400213297 /* MKAnnotationView+WebCache.h */ = {isa = PBXFileReference; fileEncoding = 4; lastKnownFileType = sourcecode.c.h; path = "MKAnnotationView+WebCache.h"; sourceTree = "<group>"; };
		EF07CC941CC3365400213297 /* MKAnnotationView+WebCache.m */ = {isa = PBXFileReference; fileEncoding = 4; lastKnownFileType = sourcecode.c.objc; path = "MKAnnotationView+WebCache.m"; sourceTree = "<group>"; };
		EF07CC951CC3365400213297 /* NSData+ImageContentType.h */ = {isa = PBXFileReference; fileEncoding = 4; lastKnownFileType = sourcecode.c.h; path = "NSData+ImageContentType.h"; sourceTree = "<group>"; };
		EF07CC961CC3365400213297 /* NSData+ImageContentType.m */ = {isa = PBXFileReference; fileEncoding = 4; lastKnownFileType = sourcecode.c.objc; path = "NSData+ImageContentType.m"; sourceTree = "<group>"; };
		EF07CC971CC3365400213297 /* SDImageCache.h */ = {isa = PBXFileReference; fileEncoding = 4; lastKnownFileType = sourcecode.c.h; path = SDImageCache.h; sourceTree = "<group>"; };
		EF07CC981CC3365400213297 /* SDImageCache.m */ = {isa = PBXFileReference; fileEncoding = 4; lastKnownFileType = sourcecode.c.objc; path = SDImageCache.m; sourceTree = "<group>"; };
		EF07CC991CC3365400213297 /* SDWebImageCompat.h */ = {isa = PBXFileReference; fileEncoding = 4; lastKnownFileType = sourcecode.c.h; path = SDWebImageCompat.h; sourceTree = "<group>"; };
		EF07CC9A1CC3365400213297 /* SDWebImageCompat.m */ = {isa = PBXFileReference; fileEncoding = 4; lastKnownFileType = sourcecode.c.objc; path = SDWebImageCompat.m; sourceTree = "<group>"; };
		EF07CC9B1CC3365400213297 /* SDWebImageDecoder.h */ = {isa = PBXFileReference; fileEncoding = 4; lastKnownFileType = sourcecode.c.h; path = SDWebImageDecoder.h; sourceTree = "<group>"; };
		EF07CC9C1CC3365400213297 /* SDWebImageDecoder.m */ = {isa = PBXFileReference; fileEncoding = 4; lastKnownFileType = sourcecode.c.objc; path = SDWebImageDecoder.m; sourceTree = "<group>"; };
		EF07CC9D1CC3365400213297 /* SDWebImageDownloader.h */ = {isa = PBXFileReference; fileEncoding = 4; lastKnownFileType = sourcecode.c.h; path = SDWebImageDownloader.h; sourceTree = "<group>"; };
		EF07CC9E1CC3365400213297 /* SDWebImageDownloader.m */ = {isa = PBXFileReference; fileEncoding = 4; lastKnownFileType = sourcecode.c.objc; path = SDWebImageDownloader.m; sourceTree = "<group>"; };
		EF07CC9F1CC3365400213297 /* SDWebImageDownloaderOperation.h */ = {isa = PBXFileReference; fileEncoding = 4; lastKnownFileType = sourcecode.c.h; path = SDWebImageDownloaderOperation.h; sourceTree = "<group>"; };
		EF07CCA01CC3365400213297 /* SDWebImageDownloaderOperation.m */ = {isa = PBXFileReference; fileEncoding = 4; lastKnownFileType = sourcecode.c.objc; path = SDWebImageDownloaderOperation.m; sourceTree = "<group>"; };
		EF07CCA11CC3365400213297 /* SDWebImageManager.h */ = {isa = PBXFileReference; fileEncoding = 4; lastKnownFileType = sourcecode.c.h; path = SDWebImageManager.h; sourceTree = "<group>"; };
		EF07CCA21CC3365400213297 /* SDWebImageManager.m */ = {isa = PBXFileReference; fileEncoding = 4; lastKnownFileType = sourcecode.c.objc; path = SDWebImageManager.m; sourceTree = "<group>"; };
		EF07CCA31CC3365400213297 /* SDWebImageOperation.h */ = {isa = PBXFileReference; fileEncoding = 4; lastKnownFileType = sourcecode.c.h; path = SDWebImageOperation.h; sourceTree = "<group>"; };
		EF07CCA41CC3365400213297 /* SDWebImagePrefetcher.h */ = {isa = PBXFileReference; fileEncoding = 4; lastKnownFileType = sourcecode.c.h; path = SDWebImagePrefetcher.h; sourceTree = "<group>"; };
		EF07CCA51CC3365400213297 /* SDWebImagePrefetcher.m */ = {isa = PBXFileReference; fileEncoding = 4; lastKnownFileType = sourcecode.c.objc; path = SDWebImagePrefetcher.m; sourceTree = "<group>"; };
		EF07CCA61CC3365400213297 /* UIButton+WebCache.h */ = {isa = PBXFileReference; fileEncoding = 4; lastKnownFileType = sourcecode.c.h; path = "UIButton+WebCache.h"; sourceTree = "<group>"; };
		EF07CCA71CC3365400213297 /* UIButton+WebCache.m */ = {isa = PBXFileReference; fileEncoding = 4; lastKnownFileType = sourcecode.c.objc; path = "UIButton+WebCache.m"; sourceTree = "<group>"; };
		EF07CCA81CC3365400213297 /* UIImage+GIF.h */ = {isa = PBXFileReference; fileEncoding = 4; lastKnownFileType = sourcecode.c.h; path = "UIImage+GIF.h"; sourceTree = "<group>"; };
		EF07CCA91CC3365400213297 /* UIImage+GIF.m */ = {isa = PBXFileReference; fileEncoding = 4; lastKnownFileType = sourcecode.c.objc; path = "UIImage+GIF.m"; sourceTree = "<group>"; };
		EF07CCAA1CC3365400213297 /* UIImage+MultiFormat.h */ = {isa = PBXFileReference; fileEncoding = 4; lastKnownFileType = sourcecode.c.h; path = "UIImage+MultiFormat.h"; sourceTree = "<group>"; };
		EF07CCAB1CC3365400213297 /* UIImage+MultiFormat.m */ = {isa = PBXFileReference; fileEncoding = 4; lastKnownFileType = sourcecode.c.objc; path = "UIImage+MultiFormat.m"; sourceTree = "<group>"; };
		EF07CCAC1CC3365400213297 /* UIImage+WebP.h */ = {isa = PBXFileReference; fileEncoding = 4; lastKnownFileType = sourcecode.c.h; path = "UIImage+WebP.h"; sourceTree = "<group>"; };
		EF07CCAD1CC3365400213297 /* UIImage+WebP.m */ = {isa = PBXFileReference; fileEncoding = 4; lastKnownFileType = sourcecode.c.objc; path = "UIImage+WebP.m"; sourceTree = "<group>"; };
		EF07CCAE1CC3365400213297 /* UIImageView+HighlightedWebCache.h */ = {isa = PBXFileReference; fileEncoding = 4; lastKnownFileType = sourcecode.c.h; path = "UIImageView+HighlightedWebCache.h"; sourceTree = "<group>"; };
		EF07CCAF1CC3365400213297 /* UIImageView+HighlightedWebCache.m */ = {isa = PBXFileReference; fileEncoding = 4; lastKnownFileType = sourcecode.c.objc; path = "UIImageView+HighlightedWebCache.m"; sourceTree = "<group>"; };
		EF07CCB01CC3365400213297 /* UIImageView+WebCache.h */ = {isa = PBXFileReference; fileEncoding = 4; lastKnownFileType = sourcecode.c.h; path = "UIImageView+WebCache.h"; sourceTree = "<group>"; };
		EF07CCB11CC3365400213297 /* UIImageView+WebCache.m */ = {isa = PBXFileReference; fileEncoding = 4; lastKnownFileType = sourcecode.c.objc; path = "UIImageView+WebCache.m"; sourceTree = "<group>"; };
		EF07CCB21CC3365400213297 /* UIView+WebCacheOperation.h */ = {isa = PBXFileReference; fileEncoding = 4; lastKnownFileType = sourcecode.c.h; path = "UIView+WebCacheOperation.h"; sourceTree = "<group>"; };
		EF07CCB31CC3365400213297 /* UIView+WebCacheOperation.m */ = {isa = PBXFileReference; fileEncoding = 4; lastKnownFileType = sourcecode.c.objc; path = "UIView+WebCacheOperation.m"; sourceTree = "<group>"; };
		EF07CCB41CC3365400213297 /* WebImage.h */ = {isa = PBXFileReference; fileEncoding = 4; lastKnownFileType = sourcecode.c.h; path = WebImage.h; sourceTree = "<group>"; };
		EF07CCB61CC3365400213297 /* 01.jpg */ = {isa = PBXFileReference; lastKnownFileType = image.jpeg; path = 01.jpg; sourceTree = "<group>"; };
		EF07CCB71CC3365400213297 /* 02.jpg */ = {isa = PBXFileReference; lastKnownFileType = image.jpeg; path = 02.jpg; sourceTree = "<group>"; };
		EF07CCB81CC3365400213297 /* 03.jpg */ = {isa = PBXFileReference; lastKnownFileType = image.jpeg; path = 03.jpg; sourceTree = "<group>"; };
		EF07CCB91CC3365400213297 /* 04.jpg */ = {isa = PBXFileReference; lastKnownFileType = image.jpeg; path = 04.jpg; sourceTree = "<group>"; };
		EF07CCBA1CC3365400213297 /* 05.jpg */ = {isa = PBXFileReference; lastKnownFileType = image.jpeg; path = 05.jpg; sourceTree = "<group>"; };
		EF07CCBB1CC3365400213297 /* 06.jpg */ = {isa = PBXFileReference; lastKnownFileType = image.jpeg; path = 06.jpg; sourceTree = "<group>"; };
		EF07CCBC1CC3365400213297 /* 07.jpg */ = {isa = PBXFileReference; lastKnownFileType = image.jpeg; path = 07.jpg; sourceTree = "<group>"; };
		EF07CCBD1CC3365400213297 /* 08.jpg */ = {isa = PBXFileReference; lastKnownFileType = image.jpeg; path = 08.jpg; sourceTree = "<group>"; };
		EF07CCD81CC37C1B00213297 /* CustomCollectionViewCell.h */ = {isa = PBXFileReference; fileEncoding = 4; lastKnownFileType = sourcecode.c.h; path = CustomCollectionViewCell.h; sourceTree = "<group>"; };
		EF07CCD91CC37C1B00213297 /* CustomCollectionViewCell.m */ = {isa = PBXFileReference; fileEncoding = 4; lastKnownFileType = sourcecode.c.objc; path = CustomCollectionViewCell.m; sourceTree = "<group>"; };
		EF07CCDB1CC37DD600213297 /* ADCollectionView.h */ = {isa = PBXFileReference; fileEncoding = 4; lastKnownFileType = sourcecode.c.h; path = ADCollectionView.h; sourceTree = "<group>"; };
		EF07CCDC1CC37DD600213297 /* ADCollectionView.m */ = {isa = PBXFileReference; fileEncoding = 4; lastKnownFileType = sourcecode.c.objc; path = ADCollectionView.m; sourceTree = "<group>"; };
/* End PBXFileReference section */

/* Begin PBXFrameworksBuildPhase section */
		EF07CC531CC3348F00213297 /* Frameworks */ = {
			isa = PBXFrameworksBuildPhase;
			buildActionMask = 2147483647;
			files = (
			);
			runOnlyForDeploymentPostprocessing = 0;
		};
		EF07CC6F1CC3348F00213297 /* Frameworks */ = {
			isa = PBXFrameworksBuildPhase;
			buildActionMask = 2147483647;
			files = (
			);
			runOnlyForDeploymentPostprocessing = 0;
		};
		EF07CC7A1CC3348F00213297 /* Frameworks */ = {
			isa = PBXFrameworksBuildPhase;
			buildActionMask = 2147483647;
			files = (
			);
			runOnlyForDeploymentPostprocessing = 0;
		};
/* End PBXFrameworksBuildPhase section */

/* Begin PBXGroup section */
		EF07CC4D1CC3348F00213297 = {
			isa = PBXGroup;
			children = (
				EF07CC581CC3348F00213297 /* ADScrollView */,
				EF07CC751CC3348F00213297 /* ADScrollViewTests */,
				EF07CC801CC3348F00213297 /* ADScrollViewUITests */,
				EF07CC571CC3348F00213297 /* Products */,
			);
			sourceTree = "<group>";
		};
		EF07CC571CC3348F00213297 /* Products */ = {
			isa = PBXGroup;
			children = (
				EF07CC561CC3348F00213297 /* ADScrollView.app */,
				EF07CC721CC3348F00213297 /* ADScrollViewTests.xctest */,
				EF07CC7D1CC3348F00213297 /* ADScrollViewUITests.xctest */,
			);
			name = Products;
			sourceTree = "<group>";
		};
		EF07CC581CC3348F00213297 /* ADScrollView */ = {
			isa = PBXGroup;
			children = (
				EF07CC5C1CC3348F00213297 /* AppDelegate.h */,
				EF07CC5D1CC3348F00213297 /* AppDelegate.m */,
				EF07CC5F1CC3348F00213297 /* ViewController.h */,
				EF07CC601CC3348F00213297 /* ViewController.m */,
				EF07CC621CC3348F00213297 /* Main.storyboard */,
				EF07CC681CC3348F00213297 /* Assets.xcassets */,
				EF07CC6A1CC3348F00213297 /* LaunchScreen.storyboard */,
				EF07CC6D1CC3348F00213297 /* Info.plist */,
				EF07CC651CC3348F00213297 /* ADScrollView.xcdatamodeld */,
				EF07CC591CC3348F00213297 /* Supporting Files */,
			);
			path = ADScrollView;
			sourceTree = "<group>";
		};
		EF07CC591CC3348F00213297 /* Supporting Files */ = {
			isa = PBXGroup;
			children = (
				EF07CCD71CC37BE300213297 /* 利用UICollectionView */,
				EF07CCD61CC37BCA00213297 /* 利用UIScrollView */,
				EF07CC5A1CC3348F00213297 /* main.m */,
			);
			name = "Supporting Files";
			sourceTree = "<group>";
		};
		EF07CC751CC3348F00213297 /* ADScrollViewTests */ = {
			isa = PBXGroup;
			children = (
				EF07CC761CC3348F00213297 /* ADScrollViewTests.m */,
				EF07CC781CC3348F00213297 /* Info.plist */,
			);
			path = ADScrollViewTests;
			sourceTree = "<group>";
		};
		EF07CC801CC3348F00213297 /* ADScrollViewUITests */ = {
			isa = PBXGroup;
			children = (
				EF07CC811CC3348F00213297 /* ADScrollViewUITests.m */,
				EF07CC831CC3348F00213297 /* Info.plist */,
			);
			path = ADScrollViewUITests;
			sourceTree = "<group>";
		};
		EF07CC921CC3365400213297 /* SDWebImage */ = {
			isa = PBXGroup;
			children = (
				EF07CC931CC3365400213297 /* MKAnnotationView+WebCache.h */,
				EF07CC941CC3365400213297 /* MKAnnotationView+WebCache.m */,
				EF07CC951CC3365400213297 /* NSData+ImageContentType.h */,
				EF07CC961CC3365400213297 /* NSData+ImageContentType.m */,
				EF07CC971CC3365400213297 /* SDImageCache.h */,
				EF07CC981CC3365400213297 /* SDImageCache.m */,
				EF07CC991CC3365400213297 /* SDWebImageCompat.h */,
				EF07CC9A1CC3365400213297 /* SDWebImageCompat.m */,
				EF07CC9B1CC3365400213297 /* SDWebImageDecoder.h */,
				EF07CC9C1CC3365400213297 /* SDWebImageDecoder.m */,
				EF07CC9D1CC3365400213297 /* SDWebImageDownloader.h */,
				EF07CC9E1CC3365400213297 /* SDWebImageDownloader.m */,
				EF07CC9F1CC3365400213297 /* SDWebImageDownloaderOperation.h */,
				EF07CCA01CC3365400213297 /* SDWebImageDownloaderOperation.m */,
				EF07CCA11CC3365400213297 /* SDWebImageManager.h */,
				EF07CCA21CC3365400213297 /* SDWebImageManager.m */,
				EF07CCA31CC3365400213297 /* SDWebImageOperation.h */,
				EF07CCA41CC3365400213297 /* SDWebImagePrefetcher.h */,
				EF07CCA51CC3365400213297 /* SDWebImagePrefetcher.m */,
				EF07CCA61CC3365400213297 /* UIButton+WebCache.h */,
				EF07CCA71CC3365400213297 /* UIButton+WebCache.m */,
				EF07CCA81CC3365400213297 /* UIImage+GIF.h */,
				EF07CCA91CC3365400213297 /* UIImage+GIF.m */,
				EF07CCAA1CC3365400213297 /* UIImage+MultiFormat.h */,
				EF07CCAB1CC3365400213297 /* UIImage+MultiFormat.m */,
				EF07CCAC1CC3365400213297 /* UIImage+WebP.h */,
				EF07CCAD1CC3365400213297 /* UIImage+WebP.m */,
				EF07CCAE1CC3365400213297 /* UIImageView+HighlightedWebCache.h */,
				EF07CCAF1CC3365400213297 /* UIImageView+HighlightedWebCache.m */,
				EF07CCB01CC3365400213297 /* UIImageView+WebCache.h */,
				EF07CCB11CC3365400213297 /* UIImageView+WebCache.m */,
				EF07CCB21CC3365400213297 /* UIView+WebCacheOperation.h */,
				EF07CCB31CC3365400213297 /* UIView+WebCacheOperation.m */,
				EF07CCB41CC3365400213297 /* WebImage.h */,
			);
			path = SDWebImage;
			sourceTree = "<group>";
		};
		EF07CCB51CC3365400213297 /* Photos */ = {
			isa = PBXGroup;
			children = (
				EF07CCB61CC3365400213297 /* 01.jpg */,
				EF07CCB71CC3365400213297 /* 02.jpg */,
				EF07CCB81CC3365400213297 /* 03.jpg */,
				EF07CCB91CC3365400213297 /* 04.jpg */,
				EF07CCBA1CC3365400213297 /* 05.jpg */,
				EF07CCBB1CC3365400213297 /* 06.jpg */,
				EF07CCBC1CC3365400213297 /* 07.jpg */,
				EF07CCBD1CC3365400213297 /* 08.jpg */,
			);
			path = Photos;
			sourceTree = "<group>";
		};
		EF07CCD61CC37BCA00213297 /* 利用UIScrollView */ = {
			isa = PBXGroup;
			children = (
				EF07CC8F1CC335CA00213297 /* ADScrollViewComponent.h */,
				EF07CC901CC335CA00213297 /* ADScrollViewComponent.m */,
				EF07CC921CC3365400213297 /* SDWebImage */,
				EF07CCB51CC3365400213297 /* Photos */,
			);
			name = "利用UIScrollView";
			sourceTree = "<group>";
		};
		EF07CCD71CC37BE300213297 /* 利用UICollectionView */ = {
			isa = PBXGroup;
			children = (
				EF07CCD81CC37C1B00213297 /* CustomCollectionViewCell.h */,
				EF07CCD91CC37C1B00213297 /* CustomCollectionViewCell.m */,
				EF07CCDB1CC37DD600213297 /* ADCollectionView.h */,
				EF07CCDC1CC37DD600213297 /* ADCollectionView.m */,
			);
			name = "利用UICollectionView";
			sourceTree = "<group>";
		};
/* End PBXGroup section */

/* Begin PBXNativeTarget section */
		EF07CC551CC3348F00213297 /* ADScrollView */ = {
			isa = PBXNativeTarget;
			buildConfigurationList = EF07CC861CC3348F00213297 /* Build configuration list for PBXNativeTarget "ADScrollView" */;
			buildPhases = (
				EF07CC521CC3348F00213297 /* Sources */,
				EF07CC531CC3348F00213297 /* Frameworks */,
				EF07CC541CC3348F00213297 /* Resources */,
			);
			buildRules = (
			);
			dependencies = (
			);
			name = ADScrollView;
			productName = ADScrollView;
			productReference = EF07CC561CC3348F00213297 /* ADScrollView.app */;
			productType = "com.apple.product-type.application";
		};
		EF07CC711CC3348F00213297 /* ADScrollViewTests */ = {
			isa = PBXNativeTarget;
			buildConfigurationList = EF07CC891CC3348F00213297 /* Build configuration list for PBXNativeTarget "ADScrollViewTests" */;
			buildPhases = (
				EF07CC6E1CC3348F00213297 /* Sources */,
				EF07CC6F1CC3348F00213297 /* Frameworks */,
				EF07CC701CC3348F00213297 /* Resources */,
			);
			buildRules = (
			);
			dependencies = (
				EF07CC741CC3348F00213297 /* PBXTargetDependency */,
			);
			name = ADScrollViewTests;
			productName = ADScrollViewTests;
			productReference = EF07CC721CC3348F00213297 /* ADScrollViewTests.xctest */;
			productType = "com.apple.product-type.bundle.unit-test";
		};
		EF07CC7C1CC3348F00213297 /* ADScrollViewUITests */ = {
			isa = PBXNativeTarget;
			buildConfigurationList = EF07CC8C1CC3348F00213297 /* Build configuration list for PBXNativeTarget "ADScrollViewUITests" */;
			buildPhases = (
				EF07CC791CC3348F00213297 /* Sources */,
				EF07CC7A1CC3348F00213297 /* Frameworks */,
				EF07CC7B1CC3348F00213297 /* Resources */,
			);
			buildRules = (
			);
			dependencies = (
				EF07CC7F1CC3348F00213297 /* PBXTargetDependency */,
			);
			name = ADScrollViewUITests;
			productName = ADScrollViewUITests;
			productReference = EF07CC7D1CC3348F00213297 /* ADScrollViewUITests.xctest */;
			productType = "com.apple.product-type.bundle.ui-testing";
		};
/* End PBXNativeTarget section */

/* Begin PBXProject section */
		EF07CC4E1CC3348F00213297 /* Project object */ = {
			isa = PBXProject;
			attributes = {
				LastUpgradeCheck = 0730;
				ORGANIZATIONNAME = "叶杨杨";
				TargetAttributes = {
					EF07CC551CC3348F00213297 = {
						CreatedOnToolsVersion = 7.3;
					};
					EF07CC711CC3348F00213297 = {
						CreatedOnToolsVersion = 7.3;
						TestTargetID = EF07CC551CC3348F00213297;
					};
					EF07CC7C1CC3348F00213297 = {
						CreatedOnToolsVersion = 7.3;
						TestTargetID = EF07CC551CC3348F00213297;
					};
				};
			};
			buildConfigurationList = EF07CC511CC3348F00213297 /* Build configuration list for PBXProject "ADScrollView" */;
			compatibilityVersion = "Xcode 3.2";
			developmentRegion = English;
			hasScannedForEncodings = 0;
			knownRegions = (
				en,
				Base,
			);
			mainGroup = EF07CC4D1CC3348F00213297;
			productRefGroup = EF07CC571CC3348F00213297 /* Products */;
			projectDirPath = "";
			projectRoot = "";
			targets = (
				EF07CC551CC3348F00213297 /* ADScrollView */,
				EF07CC711CC3348F00213297 /* ADScrollViewTests */,
				EF07CC7C1CC3348F00213297 /* ADScrollViewUITests */,
			);
		};
/* End PBXProject section */

/* Begin PBXResourcesBuildPhase section */
		EF07CC541CC3348F00213297 /* Resources */ = {
			isa = PBXResourcesBuildPhase;
			buildActionMask = 2147483647;
			files = (
				EF07CCD41CC3365400213297 /* 07.jpg in Resources */,
				EF07CCD01CC3365400213297 /* 03.jpg in Resources */,
				EF07CCD51CC3365400213297 /* 08.jpg in Resources */,
				EF07CCCF1CC3365400213297 /* 02.jpg in Resources */,
				EF07CCD21CC3365400213297 /* 05.jpg in Resources */,
				EF07CCD31CC3365400213297 /* 06.jpg in Resources */,
				EF07CC6C1CC3348F00213297 /* LaunchScreen.storyboard in Resources */,
				EF07CC691CC3348F00213297 /* Assets.xcassets in Resources */,
				EF07CCD11CC3365400213297 /* 04.jpg in Resources */,
				EF07CCCE1CC3365400213297 /* 01.jpg in Resources */,
				EF07CC641CC3348F00213297 /* Main.storyboard in Resources */,
			);
			runOnlyForDeploymentPostprocessing = 0;
		};
		EF07CC701CC3348F00213297 /* Resources */ = {
			isa = PBXResourcesBuildPhase;
			buildActionMask = 2147483647;
			files = (
			);
			runOnlyForDeploymentPostprocessing = 0;
		};
		EF07CC7B1CC3348F00213297 /* Resources */ = {
			isa = PBXResourcesBuildPhase;
			buildActionMask = 2147483647;
			files = (
			);
			runOnlyForDeploymentPostprocessing = 0;
		};
/* End PBXResourcesBuildPhase section */

/* Begin PBXSourcesBuildPhase section */
		EF07CC521CC3348F00213297 /* Sources */ = {
			isa = PBXSourcesBuildPhase;
			buildActionMask = 2147483647;
			files = (
				EF07CC671CC3348F00213297 /* ADScrollView.xcdatamodeld in Sources */,
				EF07CCCB1CC3365400213297 /* UIImageView+HighlightedWebCache.m in Sources */,
				EF07CCCC1CC3365400213297 /* UIImageView+WebCache.m in Sources */,
				EF07CCCA1CC3365400213297 /* UIImage+WebP.m in Sources */,
				EF07CCC61CC3365400213297 /* SDWebImagePrefetcher.m in Sources */,
				EF07CC611CC3348F00213297 /* ViewController.m in Sources */,
				EF07CCC21CC3365400213297 /* SDWebImageDecoder.m in Sources */,
				EF07CCC31CC3365400213297 /* SDWebImageDownloader.m in Sources */,
				EF07CC5E1CC3348F00213297 /* AppDelegate.m in Sources */,
				EF07CCC51CC3365400213297 /* SDWebImageManager.m in Sources */,
				EF07CCDD1CC37DD600213297 /* ADCollectionView.m in Sources */,
				EF07CCCD1CC3365400213297 /* UIView+WebCacheOperation.m in Sources */,
				EF07CCC71CC3365400213297 /* UIButton+WebCache.m in Sources */,
				EF07CCC91CC3365400213297 /* UIImage+MultiFormat.m in Sources */,
				EF07CC911CC335CA00213297 /* ADScrollViewComponent.m in Sources */,
				EF07CCC41CC3365400213297 /* SDWebImageDownloaderOperation.m in Sources */,
				EF07CCDA1CC37C1B00213297 /* CustomCollectionViewCell.m in Sources */,
				EF07CCC81CC3365400213297 /* UIImage+GIF.m in Sources */,
				EF07CCC11CC3365400213297 /* SDWebImageCompat.m in Sources */,
				EF07CCBF1CC3365400213297 /* NSData+ImageContentType.m in Sources */,
				EF07CC5B1CC3348F00213297 /* main.m in Sources */,
				EF07CCBE1CC3365400213297 /* MKAnnotationView+WebCache.m in Sources */,
				EF07CCC01CC3365400213297 /* SDImageCache.m in Sources */,
			);
			runOnlyForDeploymentPostprocessing = 0;
		};
		EF07CC6E1CC3348F00213297 /* Sources */ = {
			isa = PBXSourcesBuildPhase;
			buildActionMask = 2147483647;
			files = (
				EF07CC771CC3348F00213297 /* ADScrollViewTests.m in Sources */,
			);
			runOnlyForDeploymentPostprocessing = 0;
		};
		EF07CC791CC3348F00213297 /* Sources */ = {
			isa = PBXSourcesBuildPhase;
			buildActionMask = 2147483647;
			files = (
				EF07CC821CC3348F00213297 /* ADScrollViewUITests.m in Sources */,
			);
			runOnlyForDeploymentPostprocessing = 0;
		};
/* End PBXSourcesBuildPhase section */

/* Begin PBXTargetDependency section */
		EF07CC741CC3348F00213297 /* PBXTargetDependency */ = {
			isa = PBXTargetDependency;
			target = EF07CC551CC3348F00213297 /* ADScrollView */;
			targetProxy = EF07CC731CC3348F00213297 /* PBXContainerItemProxy */;
		};
		EF07CC7F1CC3348F00213297 /* PBXTargetDependency */ = {
			isa = PBXTargetDependency;
			target = EF07CC551CC3348F00213297 /* ADScrollView */;
			targetProxy = EF07CC7E1CC3348F00213297 /* PBXContainerItemProxy */;
		};
/* End PBXTargetDependency section */

/* Begin PBXVariantGroup section */
		EF07CC621CC3348F00213297 /* Main.storyboard */ = {
			isa = PBXVariantGroup;
			children = (
				EF07CC631CC3348F00213297 /* Base */,
			);
			name = Main.storyboard;
			sourceTree = "<group>";
		};
		EF07CC6A1CC3348F00213297 /* LaunchScreen.storyboard */ = {
			isa = PBXVariantGroup;
			children = (
				EF07CC6B1CC3348F00213297 /* Base */,
			);
			name = LaunchScreen.storyboard;
			sourceTree = "<group>";
		};
/* End PBXVariantGroup section */

/* Begin XCBuildConfiguration section */
		EF07CC841CC3348F00213297 /* Debug */ = {
			isa = XCBuildConfiguration;
			buildSettings = {
				ALWAYS_SEARCH_USER_PATHS = NO;
				CLANG_ANALYZER_NONNULL = YES;
				CLANG_CXX_LANGUAGE_STANDARD = "gnu++0x";
				CLANG_CXX_LIBRARY = "libc++";
				CLANG_ENABLE_MODULES = YES;
				CLANG_ENABLE_OBJC_ARC = YES;
				CLANG_WARN_BOOL_CONVERSION = YES;
				CLANG_WARN_CONSTANT_CONVERSION = YES;
				CLANG_WARN_DIRECT_OBJC_ISA_USAGE = YES_ERROR;
				CLANG_WARN_EMPTY_BODY = YES;
				CLANG_WARN_ENUM_CONVERSION = YES;
				CLANG_WARN_INT_CONVERSION = YES;
				CLANG_WARN_OBJC_ROOT_CLASS = YES_ERROR;
				CLANG_WARN_UNREACHABLE_CODE = YES;
				CLANG_WARN__DUPLICATE_METHOD_MATCH = YES;
				"CODE_SIGN_IDENTITY[sdk=iphoneos*]" = "iPhone Developer";
				COPY_PHASE_STRIP = NO;
				DEBUG_INFORMATION_FORMAT = dwarf;
				ENABLE_STRICT_OBJC_MSGSEND = YES;
				ENABLE_TESTABILITY = YES;
				GCC_C_LANGUAGE_STANDARD = gnu99;
				GCC_DYNAMIC_NO_PIC = NO;
				GCC_NO_COMMON_BLOCKS = YES;
				GCC_OPTIMIZATION_LEVEL = 0;
				GCC_PREPROCESSOR_DEFINITIONS = (
					"DEBUG=1",
					"$(inherited)",
				);
				GCC_WARN_64_TO_32_BIT_CONVERSION = YES;
				GCC_WARN_ABOUT_RETURN_TYPE = YES_ERROR;
				GCC_WARN_UNDECLARED_SELECTOR = YES;
				GCC_WARN_UNINITIALIZED_AUTOS = YES_AGGRESSIVE;
				GCC_WARN_UNUSED_FUNCTION = YES;
				GCC_WARN_UNUSED_VARIABLE = YES;
				IPHONEOS_DEPLOYMENT_TARGET = 9.3;
				MTL_ENABLE_DEBUG_INFO = YES;
				ONLY_ACTIVE_ARCH = YES;
				SDKROOT = iphoneos;
				TARGETED_DEVICE_FAMILY = "1,2";
			};
			name = Debug;
		};
		EF07CC851CC3348F00213297 /* Release */ = {
			isa = XCBuildConfiguration;
			buildSettings = {
				ALWAYS_SEARCH_USER_PATHS = NO;
				CLANG_ANALYZER_NONNULL = YES;
				CLANG_CXX_LANGUAGE_STANDARD = "gnu++0x";
				CLANG_CXX_LIBRARY = "libc++";
				CLANG_ENABLE_MODULES = YES;
				CLANG_ENABLE_OBJC_ARC = YES;
				CLANG_WARN_BOOL_CONVERSION = YES;
				CLANG_WARN_CONSTANT_CONVERSION = YES;
				CLANG_WARN_DIRECT_OBJC_ISA_USAGE = YES_ERROR;
				CLANG_WARN_EMPTY_BODY = YES;
				CLANG_WARN_ENUM_CONVERSION = YES;
				CLANG_WARN_INT_CONVERSION = YES;
				CLANG_WARN_OBJC_ROOT_CLASS = YES_ERROR;
				CLANG_WARN_UNREACHABLE_CODE = YES;
				CLANG_WARN__DUPLICATE_METHOD_MATCH = YES;
				"CODE_SIGN_IDENTITY[sdk=iphoneos*]" = "iPhone Developer";
				COPY_PHASE_STRIP = NO;
				DEBUG_INFORMATION_FORMAT = "dwarf-with-dsym";
				ENABLE_NS_ASSERTIONS = NO;
				ENABLE_STRICT_OBJC_MSGSEND = YES;
				GCC_C_LANGUAGE_STANDARD = gnu99;
				GCC_NO_COMMON_BLOCKS = YES;
				GCC_WARN_64_TO_32_BIT_CONVERSION = YES;
				GCC_WARN_ABOUT_RETURN_TYPE = YES_ERROR;
				GCC_WARN_UNDECLARED_SELECTOR = YES;
				GCC_WARN_UNINITIALIZED_AUTOS = YES_AGGRESSIVE;
				GCC_WARN_UNUSED_FUNCTION = YES;
				GCC_WARN_UNUSED_VARIABLE = YES;
				IPHONEOS_DEPLOYMENT_TARGET = 9.3;
				MTL_ENABLE_DEBUG_INFO = NO;
				SDKROOT = iphoneos;
				TARGETED_DEVICE_FAMILY = "1,2";
				VALIDATE_PRODUCT = YES;
			};
			name = Release;
		};
		EF07CC871CC3348F00213297 /* Debug */ = {
			isa = XCBuildConfiguration;
			buildSettings = {
				ASSETCATALOG_COMPILER_APPICON_NAME = AppIcon;
				INFOPLIST_FILE = ADScrollView/Info.plist;
				LD_RUNPATH_SEARCH_PATHS = "$(inherited) @executable_path/Frameworks";
				PRODUCT_BUNDLE_IDENTIFIER = yeyanyyang.ADScrollView;
				PRODUCT_NAME = "$(TARGET_NAME)";
			};
			name = Debug;
		};
		EF07CC881CC3348F00213297 /* Release */ = {
			isa = XCBuildConfiguration;
			buildSettings = {
				ASSETCATALOG_COMPILER_APPICON_NAME = AppIcon;
				INFOPLIST_FILE = ADScrollView/Info.plist;
				LD_RUNPATH_SEARCH_PATHS = "$(inherited) @executable_path/Frameworks";
				PRODUCT_BUNDLE_IDENTIFIER = yeyanyyang.ADScrollView;
				PRODUCT_NAME = "$(TARGET_NAME)";
			};
			name = Release;
		};
		EF07CC8A1CC3348F00213297 /* Debug */ = {
			isa = XCBuildConfiguration;
			buildSettings = {
				BUNDLE_LOADER = "$(TEST_HOST)";
				INFOPLIST_FILE = ADScrollViewTests/Info.plist;
				LD_RUNPATH_SEARCH_PATHS = "$(inherited) @executable_path/Frameworks @loader_path/Frameworks";
				PRODUCT_BUNDLE_IDENTIFIER = yeyanyyang.ADScrollViewTests;
				PRODUCT_NAME = "$(TARGET_NAME)";
				TEST_HOST = "$(BUILT_PRODUCTS_DIR)/ADScrollView.app/ADScrollView";
			};
			name = Debug;
		};
		EF07CC8B1CC3348F00213297 /* Release */ = {
			isa = XCBuildConfiguration;
			buildSettings = {
				BUNDLE_LOADER = "$(TEST_HOST)";
				INFOPLIST_FILE = ADScrollViewTests/Info.plist;
				LD_RUNPATH_SEARCH_PATHS = "$(inherited) @executable_path/Frameworks @loader_path/Frameworks";
				PRODUCT_BUNDLE_IDENTIFIER = yeyanyyang.ADScrollViewTests;
				PRODUCT_NAME = "$(TARGET_NAME)";
				TEST_HOST = "$(BUILT_PRODUCTS_DIR)/ADScrollView.app/ADScrollView";
			};
			name = Release;
		};
		EF07CC8D1CC3348F00213297 /* Debug */ = {
			isa = XCBuildConfiguration;
			buildSettings = {
				INFOPLIST_FILE = ADScrollViewUITests/Info.plist;
				LD_RUNPATH_SEARCH_PATHS = "$(inherited) @executable_path/Frameworks @loader_path/Frameworks";
				PRODUCT_BUNDLE_IDENTIFIER = yeyanyyang.ADScrollViewUITests;
				PRODUCT_NAME = "$(TARGET_NAME)";
				TEST_TARGET_NAME = ADScrollView;
			};
			name = Debug;
		};
		EF07CC8E1CC3348F00213297 /* Release */ = {
			isa = XCBuildConfiguration;
			buildSettings = {
				INFOPLIST_FILE = ADScrollViewUITests/Info.plist;
				LD_RUNPATH_SEARCH_PATHS = "$(inherited) @executable_path/Frameworks @loader_path/Frameworks";
				PRODUCT_BUNDLE_IDENTIFIER = yeyanyyang.ADScrollViewUITests;
				PRODUCT_NAME = "$(TARGET_NAME)";
				TEST_TARGET_NAME = ADScrollView;
			};
			name = Release;
		};
/* End XCBuildConfiguration section */

/* Begin XCConfigurationList section */
		EF07CC511CC3348F00213297 /* Build configuration list for PBXProject "ADScrollView" */ = {
			isa = XCConfigurationList;
			buildConfigurations = (
				EF07CC841CC3348F00213297 /* Debug */,
				EF07CC851CC3348F00213297 /* Release */,
			);
			defaultConfigurationIsVisible = 0;
			defaultConfigurationName = Release;
		};
		EF07CC861CC3348F00213297 /* Build configuration list for PBXNativeTarget "ADScrollView" */ = {
			isa = XCConfigurationList;
			buildConfigurations = (
				EF07CC871CC3348F00213297 /* Debug */,
				EF07CC881CC3348F00213297 /* Release */,
			);
			defaultConfigurationIsVisible = 0;
		};
		EF07CC891CC3348F00213297 /* Build configuration list for PBXNativeTarget "ADScrollViewTests" */ = {
			isa = XCConfigurationList;
			buildConfigurations = (
				EF07CC8A1CC3348F00213297 /* Debug */,
				EF07CC8B1CC3348F00213297 /* Release */,
			);
			defaultConfigurationIsVisible = 0;
		};
		EF07CC8C1CC3348F00213297 /* Build configuration list for PBXNativeTarget "ADScrollViewUITests" */ = {
			isa = XCConfigurationList;
			buildConfigurations = (
				EF07CC8D1CC3348F00213297 /* Debug */,
				EF07CC8E1CC3348F00213297 /* Release */,
			);
			defaultConfigurationIsVisible = 0;
		};
/* End XCConfigurationList section */

/* Begin XCVersionGroup section */
		EF07CC651CC3348F00213297 /* ADScrollView.xcdatamodeld */ = {
			isa = XCVersionGroup;
			children = (
				EF07CC661CC3348F00213297 /* ADScrollView.xcdatamodel */,
			);
			currentVersion = EF07CC661CC3348F00213297 /* ADScrollView.xcdatamodel */;
			path = ADScrollView.xcdatamodeld;
			sourceTree = "<group>";
			versionGroupType = wrapper.xcdatamodel;
		};
/* End XCVersionGroup section */
	};
	rootObject = EF07CC4E1CC3348F00213297 /* Project object */;
}
